<?xml version="1.0" encoding="utf-8"?>
<Project ToolsVersion="4.0" xmlns="http://schemas.microsoft.com/developer/msbuild/2003">
  <ItemGroup>
    <Filter Include="Source Files">
      <UniqueIdentifier>{4FC737F1-C7A5-4376-A066-2A32D752A2FF}</UniqueIdentifier>
      <Extensions>cpp;c;cc;cxx;def;odl;idl;hpj;bat;asm;asmx</Extensions>
    </Filter>
    <Filter Include="Header Files">
      <UniqueIdentifier>{93995380-89BD-4b04-88EB-625FBE52EBFB}</UniqueIdentifier>
      <Extensions>h;hh;hpp;hxx;hm;inl;inc;xsd</Extensions>
    </Filter>
    <Filter Include="Source Files\Camera">
      <UniqueIdentifier>{7b07533e-2727-4101-8640-fac1eadebcc7}</UniqueIdentifier>
    </Filter>
    <Filter Include="Source Files\Player">
      <UniqueIdentifier>{cfad06d2-8f8e-4a75-a430-c7040d0d65bb}</UniqueIdentifier>
    </Filter>
    <Filter Include="Source Files\Model">
      <UniqueIdentifier>{6cf70ecf-0fa3-469c-80fd-31bdb88963de}</UniqueIdentifier>
    </Filter>
    <Filter Include="Source Files\Graphics">
      <UniqueIdentifier>{e36b2045-34e1-4bd3-bac6-8c899758b21f}</UniqueIdentifier>
    </Filter>
    <Filter Include="Source Files\Graphics2D">
      <UniqueIdentifier>{52e42d52-3dd6-4f51-98c9-18d68663037f}</UniqueIdentifier>
    </Filter>
    <Filter Include="Source Files\Input">
      <UniqueIdentifier>{a7989bc5-c849-4861-813e-ccd91027a00b}</UniqueIdentifier>
    </Filter>
    <Filter Include="Source Files\Sound">
      <UniqueIdentifier>{710fbf4f-674c-47af-bd89-de25e1479a0d}</UniqueIdentifier>
    </Filter>
    <Filter Include="Source Files\Utility">
      <UniqueIdentifier>{5e6008fb-df61-4d32-a248-7af1f77207ce}</UniqueIdentifier>
    </Filter>
    <Filter Include="Source Files\Application">
      <UniqueIdentifier>{9291e791-c259-4e7d-879f-17b5290e9f54}</UniqueIdentifier>
    </Filter>
    <Filter Include="Source Files\Terrian">
      <UniqueIdentifier>{33154e0a-938a-48a3-98e6-5f9d9ec67a78}</UniqueIdentifier>
    </Filter>
    <Filter Include="Source Files\Physics">
      <UniqueIdentifier>{220ccc21-c98a-4e56-a927-4e5fa84e8781}</UniqueIdentifier>
    </Filter>
    <Filter Include="Source Files\Gui">
      <UniqueIdentifier>{a301e2b1-c37a-46fb-8f3e-d81f5efaa15b}</UniqueIdentifier>
    </Filter>
  </ItemGroup>
  <ItemGroup>
    <ClCompile Include="Game.cpp">
      <Filter>Source Files</Filter>
    </ClCompile>
    <ClCompile Include="App.cpp">
      <Filter>Source Files\Application</Filter>
    </ClCompile>
    <ClCompile Include="Bitmap.cpp">
      <Filter>Source Files\Graphics2D</Filter>
    </ClCompile>
    <ClCompile Include="Cpu.cpp">
      <Filter>Source Files\Utility</Filter>
    </ClCompile>
    <ClCompile Include="FlyCam.cpp">
      <Filter>Source Files\Camera</Filter>
    </ClCompile>
    <ClCompile Include="Font.cpp">
      <Filter>Source Files\Graphics2D</Filter>
    </ClCompile>
    <ClCompile Include="Fps.cpp">
      <Filter>Source Files\Utility</Filter>
    </ClCompile>
    <ClCompile Include="Graphics.cpp">
      <Filter>Source Files\Graphics</Filter>
    </ClCompile>
    <ClCompile Include="Input.cpp">
      <Filter>Source Files\Input</Filter>
    </ClCompile>
    <ClCompile Include="Model.cpp">
      <Filter>Source Files\Model</Filter>
    </ClCompile>
    <ClCompile Include="Object.cpp">
      <Filter>Source Files\Model</Filter>
    </ClCompile>
    <ClCompile Include="Quaternion.cpp">
      <Filter>Source Files\Utility</Filter>
    </ClCompile>
    <ClCompile Include="Shader.cpp">
      <Filter>Source Files\Graphics</Filter>
    </ClCompile>
    <ClCompile Include="Sound.cpp">
      <Filter>Source Files\Sound</Filter>
    </ClCompile>
    <ClCompile Include="Text.cpp">
      <Filter>Source Files\Graphics2D</Filter>
    </ClCompile>
    <ClCompile Include="Texture.cpp">
      <Filter>Source Files\Graphics</Filter>
    </ClCompile>
    <ClCompile Include="Timer.cpp">
      <Filter>Source Files\Utility</Filter>
    </ClCompile>
    <ClCompile Include="Terrian.cpp">
      <Filter>Source Files\Terrian</Filter>
    </ClCompile>
    <ClCompile Include="TerrainQuadTree.cpp">
      <Filter>Source Files\Terrian</Filter>
    </ClCompile>
    <ClCompile Include="Frustum.cpp">
      <Filter>Source Files\Camera</Filter>
    </ClCompile>
    <ClCompile Include="Player.cpp">
      <Filter>Source Files\Player</Filter>
    </ClCompile>
    <ClCompile Include="Physics.cpp">
      <Filter>Source Files\Physics</Filter>
    </ClCompile>
    <ClCompile Include="Cylinder.cpp">
      <Filter>Source Files\Physics</Filter>
    </ClCompile>
    <ClCompile Include="Box.cpp">
      <Filter>Source Files\Physics</Filter>
    </ClCompile>
    <ClCompile Include="Sphere.cpp">
      <Filter>Source Files\Physics</Filter>
    </ClCompile>
    <ClCompile Include="Sector.cpp">
      <Filter>Source Files\Physics</Filter>
    </ClCompile>
    <ClCompile Include="Geometry.cpp">
      <Filter>Source Files\Physics</Filter>
    </ClCompile>
    <ClCompile Include="OctTree.cpp">
      <Filter>Source Files\Physics</Filter>
    </ClCompile>
    <ClCompile Include="LineModel.cpp">
      <Filter>Source Files\Model</Filter>
    </ClCompile>
    <ClCompile Include="Math.cpp">
      <Filter>Source Files\Utility</Filter>
    </ClCompile>
    <ClCompile Include="Renderer.cpp">
      <Filter>Source Files\Graphics2D</Filter>
    </ClCompile>
    <ClCompile Include="Rectangle.cpp">
      <Filter>Source Files\Graphics2D</Filter>
    </ClCompile>
    <ClCompile Include="Label.cpp">
      <Filter>Source Files\Gui</Filter>
    </ClCompile>
    <ClCompile Include="Random.cpp">
      <Filter>Source Files\Utility</Filter>
    </ClCompile>
  </ItemGroup>
  <ItemGroup>
    <ClInclude Include="App.h">
      <Filter>Source Files\Application</Filter>
    </ClInclude>
    <ClInclude Include="Bitmap.h">
      <Filter>Source Files\Graphics2D</Filter>
    </ClInclude>
    <ClInclude Include="Cpu.h">
      <Filter>Source Files\Utility</Filter>
    </ClInclude>
    <ClInclude Include="FlyCam.h">
      <Filter>Source Files\Camera</Filter>
    </ClInclude>
    <ClInclude Include="Font.h">
      <Filter>Source Files\Graphics2D</Filter>
    </ClInclude>
    <ClInclude Include="Fps.h">
      <Filter>Source Files\Utility</Filter>
    </ClInclude>
    <ClInclude Include="Graphics.h">
      <Filter>Source Files\Graphics</Filter>
    </ClInclude>
    <ClInclude Include="Input.h">
      <Filter>Source Files\Input</Filter>
    </ClInclude>
    <ClInclude Include="Model.h">
      <Filter>Source Files\Model</Filter>
    </ClInclude>
    <ClInclude Include="Object.h">
      <Filter>Source Files\Model</Filter>
    </ClInclude>
    <ClInclude Include="Quaternion.h">
      <Filter>Source Files\Utility</Filter>
    </ClInclude>
    <ClInclude Include="Shader.h">
      <Filter>Source Files\Graphics</Filter>
    </ClInclude>
    <ClInclude Include="Sound.h">
      <Filter>Source Files\Sound</Filter>
    </ClInclude>
    <ClInclude Include="Text.h">
      <Filter>Source Files\Graphics2D</Filter>
    </ClInclude>
    <ClInclude Include="Texture.h">
      <Filter>Source Files\Graphics</Filter>
    </ClInclude>
    <ClInclude Include="Timer.h">
      <Filter>Source Files\Utility</Filter>
    </ClInclude>
    <ClInclude Include="Terrain.h">
      <Filter>Source Files\Terrian</Filter>
    </ClInclude>
    <ClInclude Include="TerrainQuadTree.h">
      <Filter>Source Files\Terrian</Filter>
    </ClInclude>
    <ClInclude Include="Frustum.h">
      <Filter>Source Files\Camera</Filter>
    </ClInclude>
    <ClInclude Include="Player.h">
      <Filter>Source Files\Player</Filter>
    </ClInclude>
    <ClInclude Include="Physics.h">
      <Filter>Source Files\Physics</Filter>
    </ClInclude>
    <ClInclude Include="Cylinder.h">
      <Filter>Source Files\Physics</Filter>
    </ClInclude>
    <ClInclude Include="Box.h">
      <Filter>Source Files\Physics</Filter>
    </ClInclude>
    <ClInclude Include="Sphere.h">
      <Filter>Source Files\Physics</Filter>
    </ClInclude>
    <ClInclude Include="Sector.h">
      <Filter>Source Files\Physics</Filter>
    </ClInclude>
    <ClInclude Include="Geometry.h">
      <Filter>Source Files\Physics</Filter>
    </ClInclude>
    <ClInclude Include="GeometryArray.h">
      <Filter>Source Files\Physics</Filter>
    </ClInclude>
    <ClInclude Include="OctTree.h">
      <Filter>Source Files\Physics</Filter>
    </ClInclude>
    <ClInclude Include="LineModel.h">
      <Filter>Source Files\Model</Filter>
    </ClInclude>
    <ClInclude Include="Math.h">
      <Filter>Source Files\Utility</Filter>
    </ClInclude>
    <ClInclude Include="Rectangle.h">
      <Filter>Source Files\Graphics2D</Filter>
    </ClInclude>
    <ClInclude Include="Renderer.h">
      <Filter>Source Files\Graphics2D</Filter>
    </ClInclude>
    <ClInclude Include="Label.h">
      <Filter>Source Files\Gui</Filter>
    </ClInclude>
    <ClInclude Include="Random.h">
      <Filter>Source Files\Utility</Filter>
    </ClInclude>
  </ItemGroup>
  <ItemGroup>
    <None Include="cube.mdl">
      <Filter>Source Files</Filter>
    </None>
    <None Include="D:\models\mushroom.fbx">
      <Filter>Source Files</Filter>
    </None>
    <None Include="..\..\..\Downloads\cone.fbx">
      <Filter>Source Files</Filter>
    </None>
    <None Include="D:\models\test.fbx">
      <Filter>Source Files</Filter>
    </None>
    <None Include="..\..\..\Desktop\testfont.fnt">
      <Filter>Source Files</Filter>
    </None>
    <None Include="defualtvertexshader.fx">
      <Filter>Source Files</Filter>
    </None>
    <None Include="defualtpixelshader.fx">
      <Filter>Source Files</Filter>
    </None>
  </ItemGroup>
  <ItemGroup>
    <Image Include="texture.dds">
      <Filter>Source Files</Filter>
    </Image>
    <Image Include="D:\HeightMaps\testmap.bmp">
      <Filter>Source Files</Filter>
    </Image>
    <Image Include="..\..\..\Downloads\terexe02\terexe02\Engine\data\heightmap01.bmp">
      <Filter>Source Files</Filter>
    </Image>
    <Image Include="font.dds">
      <Filter>Source Files</Filter>
    </Image>
    <Image Include="..\..\..\Desktop\testfont.dds">
      <Filter>Source Files</Filter>
    </Image>
    <Image Include="motorwork.dds">
      <Filter>Source Files</Filter>
    </Image>
  </ItemGroup>
  <ItemGroup>
    <Media Include="..\..\..\Music\BarFight.wav">
      <Filter>Source Files</Filter>
    </Media>
  </ItemGroup>
  <ItemGroup>
    <Text Include="D:\Programs\C++\DirectX 11\Tutorial 12 Font Engine\Texture example\fontdata.txt">
      <Filter>Source Files</Filter>
    </Text>
  </ItemGroup>
</Project>